
Microsoft Visual Studio Solution File, Format Version 12.00
# Visual Studio Version 17
VisualStudioVersion = 17.14.36301.6 d17.14
MinimumVisualStudioVersion = 10.0.40219.1
Project("{FAE04EC0-301F-11D3-BF4B-00C04F79EFBC}") = "WebApplication1", "WebApplication1.csproj", "{4A1F380C-DBF7-4A85-8485-380A35BAA667}"
EndProject
Global
	GlobalSection(SolutionConfigurationPlatforms) = preSolution
		Debug|Any CPU = Debug|Any CPU
		Release|Any CPU = Release|Any CPU
	EndGlobalSection
	GlobalSection(ProjectConfigurationPlatforms) = postSolution
		{4A1F380C-DBF7-4A85-8485-380A35BAA667}.Debug|Any CPU.ActiveCfg = Debug|Any CPU
		{4A1F380C-DBF7-4A85-8485-380A35BAA667}.Debug|Any CPU.Build.0 = Debug|Any CPU
		{4A1F380C-DBF7-4A85-8485-380A35BAA667}.Release|Any CPU.ActiveCfg = Release|Any CPU
		{4A1F380C-DBF7-4A85-8485-380A35BAA667}.Release|Any CPU.Build.0 = Release|Any CPU
	EndGlobalSection
	GlobalSection(SolutionProperties) = preSolution
		HideSolutionNode = FALSE
	EndGlobalSection
	GlobalSection(ExtensibilityGlobals) = postSolution
		SolutionGuid = {B3141576-1790-4612-B2E8-CF693BCDCEEB}
	EndGlobalSection
EndGlobal
